
Microsoft Visual Studio Solution File, Format Version 12.00
# Visual Studio Version 17
VisualStudioVersion = 17.13.35828.75
MinimumVisualStudioVersion = 10.0.40219.1
Project("{FAE04EC0-301F-11D3-BF4B-00C04F79EFBC}") = "TaskTrackerWebApp", "TaskTrackerWebApp\TaskTrackerWebApp.csproj", "{EF2C1248-E910-4F0D-BE07-772E60EF7FAB}"
EndProject
Global
	GlobalSection(SolutionConfigurationPlatforms) = preSolution
		Debug|Any CPU = Debug|Any CPU
		Release|Any CPU = Release|Any CPU
	EndGlobalSection
	GlobalSection(ProjectConfigurationPlatforms) = postSolution
		{EF2C1248-E910-4F0D-BE07-772E60EF7FAB}.Debug|Any CPU.ActiveCfg = Debug|Any CPU
		{EF2C1248-E910-4F0D-BE07-772E60EF7FAB}.Debug|Any CPU.Build.0 = Debug|Any CPU
		{EF2C1248-E910-4F0D-BE07-772E60EF7FAB}.Release|Any CPU.ActiveCfg = Release|Any CPU
		{EF2C1248-E910-4F0D-BE07-772E60EF7FAB}.Release|Any CPU.Build.0 = Release|Any CPU
	EndGlobalSection
	GlobalSection(SolutionProperties) = preSolution
		HideSolutionNode = FALSE
	EndGlobalSection
	GlobalSection(ExtensibilityGlobals) = postSolution
		SolutionGuid = {99FE776E-EA30-434B-9679-BBC9F8FF26DE}
	EndGlobalSection
EndGlobal
